
Microsoft Visual Studio Solution File, Format Version 12.00
# Visual Studio Version 17
VisualStudioVersion = 17.14.36202.13 d17.14
MinimumVisualStudioVersion = 10.0.40219.1
Project("{FAE04EC0-301F-11D3-BF4B-00C04F79EFBC}") = "GestorPedidosEmpresarialesApp", "GestorPedidosEmpresarialesApp\GestorPedidosEmpresarialesApp.csproj", "{D1DF76A6-B7FE-4097-85A7-DE503E244FC0}"
EndProject
Global
	GlobalSection(SolutionConfigurationPlatforms) = preSolution
		Debug|Any CPU = Debug|Any CPU
		Release|Any CPU = Release|Any CPU
	EndGlobalSection
	GlobalSection(ProjectConfigurationPlatforms) = postSolution
		{D1DF76A6-B7FE-4097-85A7-DE503E244FC0}.Debug|Any CPU.ActiveCfg = Debug|Any CPU
		{D1DF76A6-B7FE-4097-85A7-DE503E244FC0}.Debug|Any CPU.Build.0 = Debug|Any CPU
		{D1DF76A6-B7FE-4097-85A7-DE503E244FC0}.Release|Any CPU.ActiveCfg = Release|Any CPU
		{D1DF76A6-B7FE-4097-85A7-DE503E244FC0}.Release|Any CPU.Build.0 = Release|Any CPU
	EndGlobalSection
	GlobalSection(SolutionProperties) = preSolution
		HideSolutionNode = FALSE
	EndGlobalSection
	GlobalSection(ExtensibilityGlobals) = postSolution
		SolutionGuid = {4A0DA75E-B094-4D80-8DE9-9F6B04D41E0C}
	EndGlobalSection
EndGlobal
